
Microsoft Visual Studio Solution File, Format Version 12.00
# Visual Studio Version 16
VisualStudioVersion = 16.0.30128.74
MinimumVisualStudioVersion = 10.0.40219.1
Project("{9A19103F-16F7-4668-BE54-9A1E7A4F7556}") = "DBOPSLauncher", "RedlabsUpdateUtility\DBOPSLauncher.csproj", "{899C3A3F-F3EC-4EE5-A3CF-5A59966F9F3B}"
EndProject
Global
	GlobalSection(SolutionConfigurationPlatforms) = preSolution
		Debug|Any CPU = Debug|Any CPU
		Release|Any CPU = Release|Any CPU
	EndGlobalSection
	GlobalSection(ProjectConfigurationPlatforms) = postSolution
		{899C3A3F-F3EC-4EE5-A3CF-5A59966F9F3B}.Debug|Any CPU.ActiveCfg = Debug|Any CPU
		{899C3A3F-F3EC-4EE5-A3CF-5A59966F9F3B}.Debug|Any CPU.Build.0 = Debug|Any CPU
		{899C3A3F-F3EC-4EE5-A3CF-5A59966F9F3B}.Release|Any CPU.ActiveCfg = Release|Any CPU
		{899C3A3F-F3EC-4EE5-A3CF-5A59966F9F3B}.Release|Any CPU.Build.0 = Release|Any CPU
	EndGlobalSection
	GlobalSection(SolutionProperties) = preSolution
		HideSolutionNode = FALSE
	EndGlobalSection
	GlobalSection(ExtensibilityGlobals) = postSolution
		SolutionGuid = {B469AABF-E693-44BB-9F93-0710DDDF3DE8}
	EndGlobalSection
EndGlobal
